
Microsoft Visual Studio Solution File, Format Version 12.00
# Visual Studio 14
VisualStudioVersion = 14.0.25123.0
MinimumVisualStudioVersion = 10.0.40219.1
Project("{FAE04EC0-301F-11D3-BF4B-00C04F79EFBC}") = "Gemini.Commander.Terminal", "Gemini.Commander\Gemini.Commander.Terminal.csproj", "{321FC229-CC5B-474C-AC88-0B478BC4D0DC}"
EndProject
Project("{FAE04EC0-301F-11D3-BF4B-00C04F79EFBC}") = "Gemini.Commander.Spec", "Gemini.Commander.Spec\Gemini.Commander.Spec.csproj", "{FBC32D03-1B8B-4469-BCBE-E9ABC68AB3DF}"
EndProject
Project("{FAE04EC0-301F-11D3-BF4B-00C04F79EFBC}") = "Gemini.Commander.Commands", "Gemini.Commander.Commands\Gemini.Commander.Commands.csproj", "{A4648E51-F2B5-4060-A38C-FC4A24AD4DDD}"
EndProject
Project("{FAE04EC0-301F-11D3-BF4B-00C04F79EFBC}") = "Gemini.Commander.Core", "Gemini.Commander.Core\Gemini.Commander.Core.csproj", "{E03A4A02-D525-4BA7-A847-90EEA6D7D51C}"
EndProject
Project("{FAE04EC0-301F-11D3-BF4B-00C04F79EFBC}") = "Gemini.Commander.Plugins", "Gemini.Commander.Plugins\Gemini.Commander.Plugins.csproj", "{9E5467D5-71FD-4121-A5DC-57C6477690E5}"
EndProject
Project("{FAE04EC0-301F-11D3-BF4B-00C04F79EFBC}") = "Gemini.Commander.Api", "Gemini.Commander.Api\Gemini.Commander.Api.csproj", "{BF53FC64-828C-458D-920D-5B99B9377583}"
EndProject
Project("{FAE04EC0-301F-11D3-BF4B-00C04F79EFBC}") = "Gemini.Commander.Nfc", "Gemini.Commander.Nfc\Gemini.Commander.Nfc.csproj", "{67158059-3CB5-4B4B-B6D0-502ADB104BF3}"
EndProject
Global
	GlobalSection(SolutionConfigurationPlatforms) = preSolution
		Debug|Any CPU = Debug|Any CPU
		Release|Any CPU = Release|Any CPU
	EndGlobalSection
	GlobalSection(ProjectConfigurationPlatforms) = postSolution
		{321FC229-CC5B-474C-AC88-0B478BC4D0DC}.Debug|Any CPU.ActiveCfg = Debug|Any CPU
		{321FC229-CC5B-474C-AC88-0B478BC4D0DC}.Debug|Any CPU.Build.0 = Debug|Any CPU
		{321FC229-CC5B-474C-AC88-0B478BC4D0DC}.Release|Any CPU.ActiveCfg = Release|Any CPU
		{321FC229-CC5B-474C-AC88-0B478BC4D0DC}.Release|Any CPU.Build.0 = Release|Any CPU
		{FBC32D03-1B8B-4469-BCBE-E9ABC68AB3DF}.Debug|Any CPU.ActiveCfg = Debug|Any CPU
		{FBC32D03-1B8B-4469-BCBE-E9ABC68AB3DF}.Debug|Any CPU.Build.0 = Debug|Any CPU
		{FBC32D03-1B8B-4469-BCBE-E9ABC68AB3DF}.Release|Any CPU.ActiveCfg = Release|Any CPU
		{FBC32D03-1B8B-4469-BCBE-E9ABC68AB3DF}.Release|Any CPU.Build.0 = Release|Any CPU
		{A4648E51-F2B5-4060-A38C-FC4A24AD4DDD}.Debug|Any CPU.ActiveCfg = Debug|Any CPU
		{A4648E51-F2B5-4060-A38C-FC4A24AD4DDD}.Debug|Any CPU.Build.0 = Debug|Any CPU
		{A4648E51-F2B5-4060-A38C-FC4A24AD4DDD}.Release|Any CPU.ActiveCfg = Release|Any CPU
		{A4648E51-F2B5-4060-A38C-FC4A24AD4DDD}.Release|Any CPU.Build.0 = Release|Any CPU
		{E03A4A02-D525-4BA7-A847-90EEA6D7D51C}.Debug|Any CPU.ActiveCfg = Debug|Any CPU
		{E03A4A02-D525-4BA7-A847-90EEA6D7D51C}.Debug|Any CPU.Build.0 = Debug|Any CPU
		{E03A4A02-D525-4BA7-A847-90EEA6D7D51C}.Release|Any CPU.ActiveCfg = Release|Any CPU
		{E03A4A02-D525-4BA7-A847-90EEA6D7D51C}.Release|Any CPU.Build.0 = Release|Any CPU
		{9E5467D5-71FD-4121-A5DC-57C6477690E5}.Debug|Any CPU.ActiveCfg = Debug|Any CPU
		{9E5467D5-71FD-4121-A5DC-57C6477690E5}.Debug|Any CPU.Build.0 = Debug|Any CPU
		{9E5467D5-71FD-4121-A5DC-57C6477690E5}.Release|Any CPU.ActiveCfg = Release|Any CPU
		{9E5467D5-71FD-4121-A5DC-57C6477690E5}.Release|Any CPU.Build.0 = Release|Any CPU
		{BF53FC64-828C-458D-920D-5B99B9377583}.Debug|Any CPU.ActiveCfg = Debug|Any CPU
		{BF53FC64-828C-458D-920D-5B99B9377583}.Debug|Any CPU.Build.0 = Debug|Any CPU
		{BF53FC64-828C-458D-920D-5B99B9377583}.Release|Any CPU.ActiveCfg = Release|Any CPU
		{BF53FC64-828C-458D-920D-5B99B9377583}.Release|Any CPU.Build.0 = Release|Any CPU
		{67158059-3CB5-4B4B-B6D0-502ADB104BF3}.Debug|Any CPU.ActiveCfg = Debug|Any CPU
		{67158059-3CB5-4B4B-B6D0-502ADB104BF3}.Debug|Any CPU.Build.0 = Debug|Any CPU
		{67158059-3CB5-4B4B-B6D0-502ADB104BF3}.Release|Any CPU.ActiveCfg = Release|Any CPU
		{67158059-3CB5-4B4B-B6D0-502ADB104BF3}.Release|Any CPU.Build.0 = Release|Any CPU
	EndGlobalSection
	GlobalSection(SolutionProperties) = preSolution
		HideSolutionNode = FALSE
	EndGlobalSection
EndGlobal
